// !$*UTF8*$!
{
	archiveVersion = 1;
	classes = {
	};
	objectVersion = 46;
	objects = {

/* Begin PBXBuildFile section */
		2919498E194CC2B600E6716B /* backgrounds.atlas in Resources */ = {isa = PBXBuildFile; fileRef = 29194972194CC2B600E6716B /* backgrounds.atlas */; };
		2919498F194CC2B600E6716B /* sprites.atlas in Resources */ = {isa = PBXBuildFile; fileRef = 29194973194CC2B600E6716B /* sprites.atlas */; };
		29194990194CC2B600E6716B /* SKAction+SKTExtras.m in Sources */ = {isa = PBXBuildFile; fileRef = 29194976194CC2B600E6716B /* SKAction+SKTExtras.m */; };
		29194991194CC2B600E6716B /* SKAction+SKTSpecialEffects.m in Sources */ = {isa = PBXBuildFile; fileRef = 29194978194CC2B600E6716B /* SKAction+SKTSpecialEffects.m */; };
		29194992194CC2B600E6716B /* SKEmitterNode+SKTExtras.m in Sources */ = {isa = PBXBuildFile; fileRef = 2919497A194CC2B600E6716B /* SKEmitterNode+SKTExtras.m */; };
		29194993194CC2B600E6716B /* SKNode+SKTDebugDraw.m in Sources */ = {isa = PBXBuildFile; fileRef = 2919497C194CC2B600E6716B /* SKNode+SKTDebugDraw.m */; };
		29194994194CC2B600E6716B /* SKNode+SKTExtras.m in Sources */ = {isa = PBXBuildFile; fileRef = 2919497E194CC2B600E6716B /* SKNode+SKTExtras.m */; };
		29194995194CC2B600E6716B /* SKTAudio.m in Sources */ = {isa = PBXBuildFile; fileRef = 29194980194CC2B600E6716B /* SKTAudio.m */; };
		29194996194CC2B600E6716B /* SKTEffects.m in Sources */ = {isa = PBXBuildFile; fileRef = 29194982194CC2B600E6716B /* SKTEffects.m */; };
		29194997194CC2B600E6716B /* SKTTimingFunctions.m in Sources */ = {isa = PBXBuildFile; fileRef = 29194984194CC2B600E6716B /* SKTTimingFunctions.m */; };
		29194998194CC2B600E6716B /* coin.wav in Resources */ = {isa = PBXBuildFile; fileRef = 29194987194CC2B600E6716B /* coin.wav */; };
		29194999194CC2B600E6716B /* ding.wav in Resources */ = {isa = PBXBuildFile; fileRef = 29194988194CC2B600E6716B /* ding.wav */; };
		2919499A194CC2B600E6716B /* falling.wav in Resources */ = {isa = PBXBuildFile; fileRef = 29194989194CC2B600E6716B /* falling.wav */; };
		2919499B194CC2B600E6716B /* flapping.wav in Resources */ = {isa = PBXBuildFile; fileRef = 2919498A194CC2B600E6716B /* flapping.wav */; };
		2919499C194CC2B600E6716B /* hitGround.wav in Resources */ = {isa = PBXBuildFile; fileRef = 2919498B194CC2B600E6716B /* hitGround.wav */; };
		2919499D194CC2B600E6716B /* pop.wav in Resources */ = {isa = PBXBuildFile; fileRef = 2919498C194CC2B600E6716B /* pop.wav */; };
		2919499E194CC2B600E6716B /* whack.wav in Resources */ = {isa = PBXBuildFile; fileRef = 2919498D194CC2B600E6716B /* whack.wav */; };
		29BE3B3D194A8D3F0049A0AC /* Foundation.framework in Frameworks */ = {isa = PBXBuildFile; fileRef = 29BE3B3C194A8D3F0049A0AC /* Foundation.framework */; };
		29BE3B3F194A8D3F0049A0AC /* CoreGraphics.framework in Frameworks */ = {isa = PBXBuildFile; fileRef = 29BE3B3E194A8D3F0049A0AC /* CoreGraphics.framework */; };
		29BE3B41194A8D3F0049A0AC /* UIKit.framework in Frameworks */ = {isa = PBXBuildFile; fileRef = 29BE3B40194A8D3F0049A0AC /* UIKit.framework */; };
		29BE3B43194A8D3F0049A0AC /* SpriteKit.framework in Frameworks */ = {isa = PBXBuildFile; fileRef = 29BE3B42194A8D3F0049A0AC /* SpriteKit.framework */; };
		29BE3B49194A8D3F0049A0AC /* InfoPlist.strings in Resources */ = {isa = PBXBuildFile; fileRef = 29BE3B47194A8D3F0049A0AC /* InfoPlist.strings */; };
		29BE3B4B194A8D3F0049A0AC /* main.m in Sources */ = {isa = PBXBuildFile; fileRef = 29BE3B4A194A8D3F0049A0AC /* main.m */; };
		29BE3B4F194A8D3F0049A0AC /* AppDelegate.m in Sources */ = {isa = PBXBuildFile; fileRef = 29BE3B4E194A8D3F0049A0AC /* AppDelegate.m */; };
		29BE3B52194A8D3F0049A0AC /* Main.storyboard in Resources */ = {isa = PBXBuildFile; fileRef = 29BE3B50194A8D3F0049A0AC /* Main.storyboard */; };
		29BE3B55194A8D3F0049A0AC /* ViewController.m in Sources */ = {isa = PBXBuildFile; fileRef = 29BE3B54194A8D3F0049A0AC /* ViewController.m */; };
		29BE3B58194A8D3F0049A0AC /* MyScene.m in Sources */ = {isa = PBXBuildFile; fileRef = 29BE3B57194A8D3F0049A0AC /* MyScene.m */; };
		29BE3B5A194A8D3F0049A0AC /* Spaceship.png in Resources */ = {isa = PBXBuildFile; fileRef = 29BE3B59194A8D3F0049A0AC /* Spaceship.png */; };
		29BE3B5C194A8D3F0049A0AC /* Images.xcassets in Resources */ = {isa = PBXBuildFile; fileRef = 29BE3B5B194A8D3F0049A0AC /* Images.xcassets */; };
		29BE3B63194A8D3F0049A0AC /* XCTest.framework in Frameworks */ = {isa = PBXBuildFile; fileRef = 29BE3B62194A8D3F0049A0AC /* XCTest.framework */; };
		29BE3B64194A8D3F0049A0AC /* Foundation.framework in Frameworks */ = {isa = PBXBuildFile; fileRef = 29BE3B3C194A8D3F0049A0AC /* Foundation.framework */; };
		29BE3B65194A8D3F0049A0AC /* UIKit.framework in Frameworks */ = {isa = PBXBuildFile; fileRef = 29BE3B40194A8D3F0049A0AC /* UIKit.framework */; };
		29BE3B6D194A8D3F0049A0AC /* InfoPlist.strings in Resources */ = {isa = PBXBuildFile; fileRef = 29BE3B6B194A8D3F0049A0AC /* InfoPlist.strings */; };
		29BE3B6F194A8D3F0049A0AC /* Flappy_FlyerTests.m in Sources */ = {isa = PBXBuildFile; fileRef = 29BE3B6E194A8D3F0049A0AC /* Flappy_FlyerTests.m */; };
/* End PBXBuildFile section */

/* Begin PBXContainerItemProxy section */
		29BE3B66194A8D3F0049A0AC /* PBXContainerItemProxy */ = {
			isa = PBXContainerItemProxy;
			containerPortal = 29BE3B31194A8D3F0049A0AC /* Project object */;
			proxyType = 1;
			remoteGlobalIDString = 29BE3B38194A8D3F0049A0AC;
			remoteInfo = "Flappy Flyer";
		};
/* End PBXContainerItemProxy section */

/* Begin PBXFileReference section */
		29194972194CC2B600E6716B /* backgrounds.atlas */ = {isa = PBXFileReference; lastKnownFileType = folder.skatlas; path = backgrounds.atlas; sourceTree = "<group>"; };
		29194973194CC2B600E6716B /* sprites.atlas */ = {isa = PBXFileReference; lastKnownFileType = folder.skatlas; path = sprites.atlas; sourceTree = "<group>"; };
		29194975194CC2B600E6716B /* SKAction+SKTExtras.h */ = {isa = PBXFileReference; fileEncoding = 4; lastKnownFileType = sourcecode.c.h; path = "SKAction+SKTExtras.h"; sourceTree = "<group>"; };
		29194976194CC2B600E6716B /* SKAction+SKTExtras.m */ = {isa = PBXFileReference; fileEncoding = 4; lastKnownFileType = sourcecode.c.objc; path = "SKAction+SKTExtras.m"; sourceTree = "<group>"; };
		29194977194CC2B600E6716B /* SKAction+SKTSpecialEffects.h */ = {isa = PBXFileReference; fileEncoding = 4; lastKnownFileType = sourcecode.c.h; path = "SKAction+SKTSpecialEffects.h"; sourceTree = "<group>"; };
		29194978194CC2B600E6716B /* SKAction+SKTSpecialEffects.m */ = {isa = PBXFileReference; fileEncoding = 4; lastKnownFileType = sourcecode.c.objc; path = "SKAction+SKTSpecialEffects.m"; sourceTree = "<group>"; };
		29194979194CC2B600E6716B /* SKEmitterNode+SKTExtras.h */ = {isa = PBXFileReference; fileEncoding = 4; lastKnownFileType = sourcecode.c.h; path = "SKEmitterNode+SKTExtras.h"; sourceTree = "<group>"; };
		2919497A194CC2B600E6716B /* SKEmitterNode+SKTExtras.m */ = {isa = PBXFileReference; fileEncoding = 4; lastKnownFileType = sourcecode.c.objc; path = "SKEmitterNode+SKTExtras.m"; sourceTree = "<group>"; };
		2919497B194CC2B600E6716B /* SKNode+SKTDebugDraw.h */ = {isa = PBXFileReference; fileEncoding = 4; lastKnownFileType = sourcecode.c.h; path = "SKNode+SKTDebugDraw.h"; sourceTree = "<group>"; };
		2919497C194CC2B600E6716B /* SKNode+SKTDebugDraw.m */ = {isa = PBXFileReference; fileEncoding = 4; lastKnownFileType = sourcecode.c.objc; path = "SKNode+SKTDebugDraw.m"; sourceTree = "<group>"; };
		2919497D194CC2B600E6716B /* SKNode+SKTExtras.h */ = {isa = PBXFileReference; fileEncoding = 4; lastKnownFileType = sourcecode.c.h; path = "SKNode+SKTExtras.h"; sourceTree = "<group>"; };
		2919497E194CC2B600E6716B /* SKNode+SKTExtras.m */ = {isa = PBXFileReference; fileEncoding = 4; lastKnownFileType = sourcecode.c.objc; path = "SKNode+SKTExtras.m"; sourceTree = "<group>"; };
		2919497F194CC2B600E6716B /* SKTAudio.h */ = {isa = PBXFileReference; fileEncoding = 4; lastKnownFileType = sourcecode.c.h; path = SKTAudio.h; sourceTree = "<group>"; };
		29194980194CC2B600E6716B /* SKTAudio.m */ = {isa = PBXFileReference; fileEncoding = 4; lastKnownFileType = sourcecode.c.objc; path = SKTAudio.m; sourceTree = "<group>"; };
		29194981194CC2B600E6716B /* SKTEffects.h */ = {isa = PBXFileReference; fileEncoding = 4; lastKnownFileType = sourcecode.c.h; path = SKTEffects.h; sourceTree = "<group>"; };
		29194982194CC2B600E6716B /* SKTEffects.m */ = {isa = PBXFileReference; fileEncoding = 4; lastKnownFileType = sourcecode.c.objc; path = SKTEffects.m; sourceTree = "<group>"; };
		29194983194CC2B600E6716B /* SKTTimingFunctions.h */ = {isa = PBXFileReference; fileEncoding = 4; lastKnownFileType = sourcecode.c.h; path = SKTTimingFunctions.h; sourceTree = "<group>"; };
		29194984194CC2B600E6716B /* SKTTimingFunctions.m */ = {isa = PBXFileReference; fileEncoding = 4; lastKnownFileType = sourcecode.c.objc; path = SKTTimingFunctions.m; sourceTree = "<group>"; };
		29194985194CC2B600E6716B /* SKTUtils.h */ = {isa = PBXFileReference; fileEncoding = 4; lastKnownFileType = sourcecode.c.h; path = SKTUtils.h; sourceTree = "<group>"; };
		29194987194CC2B600E6716B /* coin.wav */ = {isa = PBXFileReference; lastKnownFileType = audio.wav; path = coin.wav; sourceTree = "<group>"; };
		29194988194CC2B600E6716B /* ding.wav */ = {isa = PBXFileReference; lastKnownFileType = audio.wav; path = ding.wav; sourceTree = "<group>"; };
		29194989194CC2B600E6716B /* falling.wav */ = {isa = PBXFileReference; lastKnownFileType = audio.wav; path = falling.wav; sourceTree = "<group>"; };
		2919498A194CC2B600E6716B /* flapping.wav */ = {isa = PBXFileReference; lastKnownFileType = audio.wav; path = flapping.wav; sourceTree = "<group>"; };
		2919498B194CC2B600E6716B /* hitGround.wav */ = {isa = PBXFileReference; lastKnownFileType = audio.wav; path = hitGround.wav; sourceTree = "<group>"; };
		2919498C194CC2B600E6716B /* pop.wav */ = {isa = PBXFileReference; lastKnownFileType = audio.wav; path = pop.wav; sourceTree = "<group>"; };
		2919498D194CC2B600E6716B /* whack.wav */ = {isa = PBXFileReference; lastKnownFileType = audio.wav; path = whack.wav; sourceTree = "<group>"; };
		29BE3B39194A8D3F0049A0AC /* Flappy Flyer.app */ = {isa = PBXFileReference; explicitFileType = wrapper.application; includeInIndex = 0; path = "Flappy Flyer.app"; sourceTree = BUILT_PRODUCTS_DIR; };
		29BE3B3C194A8D3F0049A0AC /* Foundation.framework */ = {isa = PBXFileReference; lastKnownFileType = wrapper.framework; name = Foundation.framework; path = System/Library/Frameworks/Foundation.framework; sourceTree = SDKROOT; };
		29BE3B3E194A8D3F0049A0AC /* CoreGraphics.framework */ = {isa = PBXFileReference; lastKnownFileType = wrapper.framework; name = CoreGraphics.framework; path = System/Library/Frameworks/CoreGraphics.framework; sourceTree = SDKROOT; };
		29BE3B40194A8D3F0049A0AC /* UIKit.framework */ = {isa = PBXFileReference; lastKnownFileType = wrapper.framework; name = UIKit.framework; path = System/Library/Frameworks/UIKit.framework; sourceTree = SDKROOT; };
		29BE3B42194A8D3F0049A0AC /* SpriteKit.framework */ = {isa = PBXFileReference; lastKnownFileType = wrapper.framework; name = SpriteKit.framework; path = System/Library/Frameworks/SpriteKit.framework; sourceTree = SDKROOT; };
		29BE3B46194A8D3F0049A0AC /* Flappy Flyer-Info.plist */ = {isa = PBXFileReference; lastKnownFileType = text.plist.xml; path = "Flappy Flyer-Info.plist"; sourceTree = "<group>"; };
		29BE3B48194A8D3F0049A0AC /* en */ = {isa = PBXFileReference; lastKnownFileType = text.plist.strings; name = en; path = en.lproj/InfoPlist.strings; sourceTree = "<group>"; };
		29BE3B4A194A8D3F0049A0AC /* main.m */ = {isa = PBXFileReference; lastKnownFileType = sourcecode.c.objc; path = main.m; sourceTree = "<group>"; };
		29BE3B4C194A8D3F0049A0AC /* Flappy Flyer-Prefix.pch */ = {isa = PBXFileReference; lastKnownFileType = sourcecode.c.h; path = "Flappy Flyer-Prefix.pch"; sourceTree = "<group>"; };
		29BE3B4D194A8D3F0049A0AC /* AppDelegate.h */ = {isa = PBXFileReference; lastKnownFileType = sourcecode.c.h; path = AppDelegate.h; sourceTree = "<group>"; };
		29BE3B4E194A8D3F0049A0AC /* AppDelegate.m */ = {isa = PBXFileReference; lastKnownFileType = sourcecode.c.objc; path = AppDelegate.m; sourceTree = "<group>"; };
		29BE3B51194A8D3F0049A0AC /* Base */ = {isa = PBXFileReference; lastKnownFileType = file.storyboard; name = Base; path = Base.lproj/Main.storyboard; sourceTree = "<group>"; };
		29BE3B53194A8D3F0049A0AC /* ViewController.h */ = {isa = PBXFileReference; lastKnownFileType = sourcecode.c.h; path = ViewController.h; sourceTree = "<group>"; };
		29BE3B54194A8D3F0049A0AC /* ViewController.m */ = {isa = PBXFileReference; lastKnownFileType = sourcecode.c.objc; path = ViewController.m; sourceTree = "<group>"; };
		29BE3B56194A8D3F0049A0AC /* MyScene.h */ = {isa = PBXFileReference; lastKnownFileType = sourcecode.c.h; path = MyScene.h; sourceTree = "<group>"; };
		29BE3B57194A8D3F0049A0AC /* MyScene.m */ = {isa = PBXFileReference; lastKnownFileType = sourcecode.c.objc; path = MyScene.m; sourceTree = "<group>"; };
		29BE3B59194A8D3F0049A0AC /* Spaceship.png */ = {isa = PBXFileReference; lastKnownFileType = image.png; path = Spaceship.png; sourceTree = "<group>"; };
		29BE3B5B194A8D3F0049A0AC /* Images.xcassets */ = {isa = PBXFileReference; lastKnownFileType = folder.assetcatalog; path = Images.xcassets; sourceTree = "<group>"; };
		29BE3B61194A8D3F0049A0AC /* Flappy FlyerTests.xctest */ = {isa = PBXFileReference; explicitFileType = wrapper.cfbundle; includeInIndex = 0; path = "Flappy FlyerTests.xctest"; sourceTree = BUILT_PRODUCTS_DIR; };
		29BE3B62194A8D3F0049A0AC /* XCTest.framework */ = {isa = PBXFileReference; lastKnownFileType = wrapper.framework; name = XCTest.framework; path = Library/Frameworks/XCTest.framework; sourceTree = DEVELOPER_DIR; };
		29BE3B6A194A8D3F0049A0AC /* Flappy FlyerTests-Info.plist */ = {isa = PBXFileReference; lastKnownFileType = text.plist.xml; path = "Flappy FlyerTests-Info.plist"; sourceTree = "<group>"; };
		29BE3B6C194A8D3F0049A0AC /* en */ = {isa = PBXFileReference; lastKnownFileType = text.plist.strings; name = en; path = en.lproj/InfoPlist.strings; sourceTree = "<group>"; };
		29BE3B6E194A8D3F0049A0AC /* Flappy_FlyerTests.m */ = {isa = PBXFileReference; lastKnownFileType = sourcecode.c.objc; path = Flappy_FlyerTests.m; sourceTree = "<group>"; };
/* End PBXFileReference section */

/* Begin PBXFrameworksBuildPhase section */
		29BE3B36194A8D3F0049A0AC /* Frameworks */ = {
			isa = PBXFrameworksBuildPhase;
			buildActionMask = 2147483647;
			files = (
				29BE3B3F194A8D3F0049A0AC /* CoreGraphics.framework in Frameworks */,
				29BE3B41194A8D3F0049A0AC /* UIKit.framework in Frameworks */,
				29BE3B43194A8D3F0049A0AC /* SpriteKit.framework in Frameworks */,
				29BE3B3D194A8D3F0049A0AC /* Foundation.framework in Frameworks */,
			);
			runOnlyForDeploymentPostprocessing = 0;
		};
		29BE3B5E194A8D3F0049A0AC /* Frameworks */ = {
			isa = PBXFrameworksBuildPhase;
			buildActionMask = 2147483647;
			files = (
				29BE3B63194A8D3F0049A0AC /* XCTest.framework in Frameworks */,
				29BE3B65194A8D3F0049A0AC /* UIKit.framework in Frameworks */,
				29BE3B64194A8D3F0049A0AC /* Foundation.framework in Frameworks */,
			);
			runOnlyForDeploymentPostprocessing = 0;
		};
/* End PBXFrameworksBuildPhase section */

/* Begin PBXGroup section */
		29194970194CC2B600E6716B /* Flappy Flyer Resources */ = {
			isa = PBXGroup;
			children = (
				29194971194CC2B600E6716B /* Art */,
				29194974194CC2B600E6716B /* SKTUtils */,
				29194986194CC2B600E6716B /* Sounds */,
			);
			path = "Flappy Flyer Resources";
			sourceTree = "<group>";
		};
		29194971194CC2B600E6716B /* Art */ = {
			isa = PBXGroup;
			children = (
				29194972194CC2B600E6716B /* backgrounds.atlas */,
				29194973194CC2B600E6716B /* sprites.atlas */,
			);
			path = Art;
			sourceTree = "<group>";
		};
		29194974194CC2B600E6716B /* SKTUtils */ = {
			isa = PBXGroup;
			children = (
				29194975194CC2B600E6716B /* SKAction+SKTExtras.h */,
				29194976194CC2B600E6716B /* SKAction+SKTExtras.m */,
				29194977194CC2B600E6716B /* SKAction+SKTSpecialEffects.h */,
				29194978194CC2B600E6716B /* SKAction+SKTSpecialEffects.m */,
				29194979194CC2B600E6716B /* SKEmitterNode+SKTExtras.h */,
				2919497A194CC2B600E6716B /* SKEmitterNode+SKTExtras.m */,
				2919497B194CC2B600E6716B /* SKNode+SKTDebugDraw.h */,
				2919497C194CC2B600E6716B /* SKNode+SKTDebugDraw.m */,
				2919497D194CC2B600E6716B /* SKNode+SKTExtras.h */,
				2919497E194CC2B600E6716B /* SKNode+SKTExtras.m */,
				2919497F194CC2B600E6716B /* SKTAudio.h */,
				29194980194CC2B600E6716B /* SKTAudio.m */,
				29194981194CC2B600E6716B /* SKTEffects.h */,
				29194982194CC2B600E6716B /* SKTEffects.m */,
				29194983194CC2B600E6716B /* SKTTimingFunctions.h */,
				29194984194CC2B600E6716B /* SKTTimingFunctions.m */,
				29194985194CC2B600E6716B /* SKTUtils.h */,
			);
			path = SKTUtils;
			sourceTree = "<group>";
		};
		29194986194CC2B600E6716B /* Sounds */ = {
			isa = PBXGroup;
			children = (
				29194987194CC2B600E6716B /* coin.wav */,
				29194988194CC2B600E6716B /* ding.wav */,
				29194989194CC2B600E6716B /* falling.wav */,
				2919498A194CC2B600E6716B /* flapping.wav */,
				2919498B194CC2B600E6716B /* hitGround.wav */,
				2919498C194CC2B600E6716B /* pop.wav */,
				2919498D194CC2B600E6716B /* whack.wav */,
			);
			path = Sounds;
			sourceTree = "<group>";
		};
		29BE3B30194A8D3F0049A0AC = {
			isa = PBXGroup;
			children = (
				29BE3B44194A8D3F0049A0AC /* Flappy Flyer */,
				29BE3B68194A8D3F0049A0AC /* Flappy FlyerTests */,
				29BE3B3B194A8D3F0049A0AC /* Frameworks */,
				29BE3B3A194A8D3F0049A0AC /* Products */,
			);
			sourceTree = "<group>";
		};
		29BE3B3A194A8D3F0049A0AC /* Products */ = {
			isa = PBXGroup;
			children = (
				29BE3B39194A8D3F0049A0AC /* Flappy Flyer.app */,
				29BE3B61194A8D3F0049A0AC /* Flappy FlyerTests.xctest */,
			);
			name = Products;
			sourceTree = "<group>";
		};
		29BE3B3B194A8D3F0049A0AC /* Frameworks */ = {
			isa = PBXGroup;
			children = (
				29BE3B3C194A8D3F0049A0AC /* Foundation.framework */,
				29BE3B3E194A8D3F0049A0AC /* CoreGraphics.framework */,
				29BE3B40194A8D3F0049A0AC /* UIKit.framework */,
				29BE3B42194A8D3F0049A0AC /* SpriteKit.framework */,
				29BE3B62194A8D3F0049A0AC /* XCTest.framework */,
			);
			name = Frameworks;
			sourceTree = "<group>";
		};
		29BE3B44194A8D3F0049A0AC /* Flappy Flyer */ = {
			isa = PBXGroup;
			children = (
				29194970194CC2B600E6716B /* Flappy Flyer Resources */,
				29BE3B4D194A8D3F0049A0AC /* AppDelegate.h */,
				29BE3B4E194A8D3F0049A0AC /* AppDelegate.m */,
				29BE3B50194A8D3F0049A0AC /* Main.storyboard */,
				29BE3B53194A8D3F0049A0AC /* ViewController.h */,
				29BE3B54194A8D3F0049A0AC /* ViewController.m */,
				29BE3B56194A8D3F0049A0AC /* MyScene.h */,
				29BE3B57194A8D3F0049A0AC /* MyScene.m */,
				29BE3B59194A8D3F0049A0AC /* Spaceship.png */,
				29BE3B5B194A8D3F0049A0AC /* Images.xcassets */,
				29BE3B45194A8D3F0049A0AC /* Supporting Files */,
			);
			path = "Flappy Flyer";
			sourceTree = "<group>";
		};
		29BE3B45194A8D3F0049A0AC /* Supporting Files */ = {
			isa = PBXGroup;
			children = (
				29BE3B46194A8D3F0049A0AC /* Flappy Flyer-Info.plist */,
				29BE3B47194A8D3F0049A0AC /* InfoPlist.strings */,
				29BE3B4A194A8D3F0049A0AC /* main.m */,
				29BE3B4C194A8D3F0049A0AC /* Flappy Flyer-Prefix.pch */,
			);
			name = "Supporting Files";
			sourceTree = "<group>";
		};
		29BE3B68194A8D3F0049A0AC /* Flappy FlyerTests */ = {
			isa = PBXGroup;
			children = (
				29BE3B6E194A8D3F0049A0AC /* Flappy_FlyerTests.m */,
				29BE3B69194A8D3F0049A0AC /* Supporting Files */,
			);
			path = "Flappy FlyerTests";
			sourceTree = "<group>";
		};
		29BE3B69194A8D3F0049A0AC /* Supporting Files */ = {
			isa = PBXGroup;
			children = (
				29BE3B6A194A8D3F0049A0AC /* Flappy FlyerTests-Info.plist */,
				29BE3B6B194A8D3F0049A0AC /* InfoPlist.strings */,
			);
			name = "Supporting Files";
			sourceTree = "<group>";
		};
/* End PBXGroup section */

/* Begin PBXNativeTarget section */
		29BE3B38194A8D3F0049A0AC /* Flappy Flyer */ = {
			isa = PBXNativeTarget;
			buildConfigurationList = 29BE3B72194A8D3F0049A0AC /* Build configuration list for PBXNativeTarget "Flappy Flyer" */;
			buildPhases = (
				29BE3B35194A8D3F0049A0AC /* Sources */,
				29BE3B36194A8D3F0049A0AC /* Frameworks */,
				29BE3B37194A8D3F0049A0AC /* Resources */,
			);
			buildRules = (
			);
			dependencies = (
			);
			name = "Flappy Flyer";
			productName = "Flappy Flyer";
			productReference = 29BE3B39194A8D3F0049A0AC /* Flappy Flyer.app */;
			productType = "com.apple.product-type.application";
		};
		29BE3B60194A8D3F0049A0AC /* Flappy FlyerTests */ = {
			isa = PBXNativeTarget;
			buildConfigurationList = 29BE3B75194A8D3F0049A0AC /* Build configuration list for PBXNativeTarget "Flappy FlyerTests" */;
			buildPhases = (
				29BE3B5D194A8D3F0049A0AC /* Sources */,
				29BE3B5E194A8D3F0049A0AC /* Frameworks */,
				29BE3B5F194A8D3F0049A0AC /* Resources */,
			);
			buildRules = (
			);
			dependencies = (
				29BE3B67194A8D3F0049A0AC /* PBXTargetDependency */,
			);
			name = "Flappy FlyerTests";
			productName = "Flappy FlyerTests";
			productReference = 29BE3B61194A8D3F0049A0AC /* Flappy FlyerTests.xctest */;
			productType = "com.apple.product-type.bundle.unit-test";
		};
/* End PBXNativeTarget section */

/* Begin PBXProject section */
		29BE3B31194A8D3F0049A0AC /* Project object */ = {
			isa = PBXProject;
			attributes = {
				LastUpgradeCheck = 0510;
				ORGANIZATIONNAME = MooPark;
				TargetAttributes = {
					29BE3B60194A8D3F0049A0AC = {
						TestTargetID = 29BE3B38194A8D3F0049A0AC;
					};
				};
			};
			buildConfigurationList = 29BE3B34194A8D3F0049A0AC /* Build configuration list for PBXProject "Flappy Flyer" */;
			compatibilityVersion = "Xcode 3.2";
			developmentRegion = English;
			hasScannedForEncodings = 0;
			knownRegions = (
				en,
				Base,
			);
			mainGroup = 29BE3B30194A8D3F0049A0AC;
			productRefGroup = 29BE3B3A194A8D3F0049A0AC /* Products */;
			projectDirPath = "";
			projectRoot = "";
			targets = (
				29BE3B38194A8D3F0049A0AC /* Flappy Flyer */,
				29BE3B60194A8D3F0049A0AC /* Flappy FlyerTests */,
			);
		};
/* End PBXProject section */

/* Begin PBXResourcesBuildPhase section */
		29BE3B37194A8D3F0049A0AC /* Resources */ = {
			isa = PBXResourcesBuildPhase;
			buildActionMask = 2147483647;
			files = (
				2919499E194CC2B600E6716B /* whack.wav in Resources */,
				29BE3B49194A8D3F0049A0AC /* InfoPlist.strings in Resources */,
				29194998194CC2B600E6716B /* coin.wav in Resources */,
				29BE3B5C194A8D3F0049A0AC /* Images.xcassets in Resources */,
				2919498E194CC2B600E6716B /* backgrounds.atlas in Resources */,
				29BE3B5A194A8D3F0049A0AC /* Spaceship.png in Resources */,
				2919499C194CC2B600E6716B /* hitGround.wav in Resources */,
				2919499D194CC2B600E6716B /* pop.wav in Resources */,
				2919498F194CC2B600E6716B /* sprites.atlas in Resources */,
				29194999194CC2B600E6716B /* ding.wav in Resources */,
				2919499B194CC2B600E6716B /* flapping.wav in Resources */,
				29BE3B52194A8D3F0049A0AC /* Main.storyboard in Resources */,
				2919499A194CC2B600E6716B /* falling.wav in Resources */,
			);
			runOnlyForDeploymentPostprocessing = 0;
		};
		29BE3B5F194A8D3F0049A0AC /* Resources */ = {
			isa = PBXResourcesBuildPhase;
			buildActionMask = 2147483647;
			files = (
				29BE3B6D194A8D3F0049A0AC /* InfoPlist.strings in Resources */,
			);
			runOnlyForDeploymentPostprocessing = 0;
		};
/* End PBXResourcesBuildPhase section */

/* Begin PBXSourcesBuildPhase section */
		29BE3B35194A8D3F0049A0AC /* Sources */ = {
			isa = PBXSourcesBuildPhase;
			buildActionMask = 2147483647;
			files = (
				29BE3B58194A8D3F0049A0AC /* MyScene.m in Sources */,
				29194996194CC2B600E6716B /* SKTEffects.m in Sources */,
				29194994194CC2B600E6716B /* SKNode+SKTExtras.m in Sources */,
				29BE3B55194A8D3F0049A0AC /* ViewController.m in Sources */,
				29194992194CC2B600E6716B /* SKEmitterNode+SKTExtras.m in Sources */,
				29194990194CC2B600E6716B /* SKAction+SKTExtras.m in Sources */,
				29194997194CC2B600E6716B /* SKTTimingFunctions.m in Sources */,
				29BE3B4F194A8D3F0049A0AC /* AppDelegate.m in Sources */,
				29BE3B4B194A8D3F0049A0AC /* main.m in Sources */,
				29194993194CC2B600E6716B /* SKNode+SKTDebugDraw.m in Sources */,
				29194991194CC2B600E6716B /* SKAction+SKTSpecialEffects.m in Sources */,
				29194995194CC2B600E6716B /* SKTAudio.m in Sources */,
			);
			runOnlyForDeploymentPostprocessing = 0;
		};
		29BE3B5D194A8D3F0049A0AC /* Sources */ = {
			isa = PBXSourcesBuildPhase;
			buildActionMask = 2147483647;
			files = (
				29BE3B6F194A8D3F0049A0AC /* Flappy_FlyerTests.m in Sources */,
			);
			runOnlyForDeploymentPostprocessing = 0;
		};
/* End PBXSourcesBuildPhase section */

/* Begin PBXTargetDependency section */
		29BE3B67194A8D3F0049A0AC /* PBXTargetDependency */ = {
			isa = PBXTargetDependency;
			target = 29BE3B38194A8D3F0049A0AC /* Flappy Flyer */;
			targetProxy = 29BE3B66194A8D3F0049A0AC /* PBXContainerItemProxy */;
		};
/* End PBXTargetDependency section */

/* Begin PBXVariantGroup section */
		29BE3B47194A8D3F0049A0AC /* InfoPlist.strings */ = {
			isa = PBXVariantGroup;
			children = (
				29BE3B48194A8D3F0049A0AC /* en */,
			);
			name = InfoPlist.strings;
			sourceTree = "<group>";
		};
		29BE3B50194A8D3F0049A0AC /* Main.storyboard */ = {
			isa = PBXVariantGroup;
			children = (
				29BE3B51194A8D3F0049A0AC /* Base */,
			);
			name = Main.storyboard;
			sourceTree = "<group>";
		};
		29BE3B6B194A8D3F0049A0AC /* InfoPlist.strings */ = {
			isa = PBXVariantGroup;
			children = (
				29BE3B6C194A8D3F0049A0AC /* en */,
			);
			name = InfoPlist.strings;
			sourceTree = "<group>";
		};
/* End PBXVariantGroup section */

/* Begin XCBuildConfiguration section */
		29BE3B70194A8D3F0049A0AC /* Debug */ = {
			isa = XCBuildConfiguration;
			buildSettings = {
				ALWAYS_SEARCH_USER_PATHS = NO;
				CLANG_CXX_LANGUAGE_STANDARD = "gnu++0x";
				CLANG_CXX_LIBRARY = "libc++";
				CLANG_ENABLE_MODULES = YES;
				CLANG_ENABLE_OBJC_ARC = YES;
				CLANG_WARN_BOOL_CONVERSION = YES;
				CLANG_WARN_CONSTANT_CONVERSION = YES;
				CLANG_WARN_DIRECT_OBJC_ISA_USAGE = YES_ERROR;
				CLANG_WARN_EMPTY_BODY = YES;
				CLANG_WARN_ENUM_CONVERSION = YES;
				CLANG_WARN_INT_CONVERSION = YES;
				CLANG_WARN_OBJC_ROOT_CLASS = YES_ERROR;
				CLANG_WARN__DUPLICATE_METHOD_MATCH = YES;
				"CODE_SIGN_IDENTITY[sdk=iphoneos*]" = "iPhone Developer";
				COPY_PHASE_STRIP = NO;
				GCC_C_LANGUAGE_STANDARD = gnu99;
				GCC_DYNAMIC_NO_PIC = NO;
				GCC_OPTIMIZATION_LEVEL = 0;
				GCC_PREPROCESSOR_DEFINITIONS = (
					"DEBUG=1",
					"$(inherited)",
				);
				GCC_SYMBOLS_PRIVATE_EXTERN = NO;
				GCC_WARN_64_TO_32_BIT_CONVERSION = YES;
				GCC_WARN_ABOUT_RETURN_TYPE = YES_ERROR;
				GCC_WARN_UNDECLARED_SELECTOR = YES;
				GCC_WARN_UNINITIALIZED_AUTOS = YES_AGGRESSIVE;
				GCC_WARN_UNUSED_FUNCTION = YES;
				GCC_WARN_UNUSED_VARIABLE = YES;
				IPHONEOS_DEPLOYMENT_TARGET = 7.1;
				ONLY_ACTIVE_ARCH = YES;
				SDKROOT = iphoneos;
			};
			name = Debug;
		};
		29BE3B71194A8D3F0049A0AC /* Release */ = {
			isa = XCBuildConfiguration;
			buildSettings = {
				ALWAYS_SEARCH_USER_PATHS = NO;
				CLANG_CXX_LANGUAGE_STANDARD = "gnu++0x";
				CLANG_CXX_LIBRARY = "libc++";
				CLANG_ENABLE_MODULES = YES;
				CLANG_ENABLE_OBJC_ARC = YES;
				CLANG_WARN_BOOL_CONVERSION = YES;
				CLANG_WARN_CONSTANT_CONVERSION = YES;
				CLANG_WARN_DIRECT_OBJC_ISA_USAGE = YES_ERROR;
				CLANG_WARN_EMPTY_BODY = YES;
				CLANG_WARN_ENUM_CONVERSION = YES;
				CLANG_WARN_INT_CONVERSION = YES;
				CLANG_WARN_OBJC_ROOT_CLASS = YES_ERROR;
				CLANG_WARN__DUPLICATE_METHOD_MATCH = YES;
				"CODE_SIGN_IDENTITY[sdk=iphoneos*]" = "iPhone Developer";
				COPY_PHASE_STRIP = YES;
				ENABLE_NS_ASSERTIONS = NO;
				GCC_C_LANGUAGE_STANDARD = gnu99;
				GCC_WARN_64_TO_32_BIT_CONVERSION = YES;
				GCC_WARN_ABOUT_RETURN_TYPE = YES_ERROR;
				GCC_WARN_UNDECLARED_SELECTOR = YES;
				GCC_WARN_UNINITIALIZED_AUTOS = YES_AGGRESSIVE;
				GCC_WARN_UNUSED_FUNCTION = YES;
				GCC_WARN_UNUSED_VARIABLE = YES;
				IPHONEOS_DEPLOYMENT_TARGET = 7.1;
				SDKROOT = iphoneos;
				VALIDATE_PRODUCT = YES;
			};
			name = Release;
		};
		29BE3B73194A8D3F0049A0AC /* Debug */ = {
			isa = XCBuildConfiguration;
			buildSettings = {
				ARCHS = "$(ARCHS_STANDARD_INCLUDING_64_BIT)";
				ASSETCATALOG_COMPILER_APPICON_NAME = AppIcon;
				ASSETCATALOG_COMPILER_LAUNCHIMAGE_NAME = LaunchImage;
				GCC_PRECOMPILE_PREFIX_HEADER = YES;
				GCC_PREFIX_HEADER = "Flappy Flyer/Flappy Flyer-Prefix.pch";
				INFOPLIST_FILE = "Flappy Flyer/Flappy Flyer-Info.plist";
				IPHONEOS_DEPLOYMENT_TARGET = 7.0;
				PRODUCT_NAME = "$(TARGET_NAME)";
				SPRITEKIT_TEXTURE_ATLAS_OUTPUT = YES;
				WRAPPER_EXTENSION = app;
			};
			name = Debug;
		};
		29BE3B74194A8D3F0049A0AC /* Release */ = {
			isa = XCBuildConfiguration;
			buildSettings = {
				ARCHS = "$(ARCHS_STANDARD_INCLUDING_64_BIT)";
				ASSETCATALOG_COMPILER_APPICON_NAME = AppIcon;
				ASSETCATALOG_COMPILER_LAUNCHIMAGE_NAME = LaunchImage;
				GCC_PRECOMPILE_PREFIX_HEADER = YES;
				GCC_PREFIX_HEADER = "Flappy Flyer/Flappy Flyer-Prefix.pch";
				INFOPLIST_FILE = "Flappy Flyer/Flappy Flyer-Info.plist";
				IPHONEOS_DEPLOYMENT_TARGET = 7.0;
				PRODUCT_NAME = "$(TARGET_NAME)";
				SPRITEKIT_TEXTURE_ATLAS_OUTPUT = YES;
				WRAPPER_EXTENSION = app;
			};
			name = Release;
		};
		29BE3B76194A8D3F0049A0AC /* Debug */ = {
			isa = XCBuildConfiguration;
			buildSettings = {
				BUNDLE_LOADER = "$(BUILT_PRODUCTS_DIR)/Flappy Flyer.app/Flappy Flyer";
				FRAMEWORK_SEARCH_PATHS = (
					"$(SDKROOT)/Developer/Library/Frameworks",
					"$(inherited)",
					"$(DEVELOPER_FRAMEWORKS_DIR)",
				);
				GCC_PRECOMPILE_PREFIX_HEADER = YES;
				GCC_PREFIX_HEADER = "Flappy Flyer/Flappy Flyer-Prefix.pch";
				GCC_PREPROCESSOR_DEFINITIONS = (
					"DEBUG=1",
					"$(inherited)",
				);
				INFOPLIST_FILE = "Flappy FlyerTests/Flappy FlyerTests-Info.plist";
				PRODUCT_NAME = "$(TARGET_NAME)";
				TEST_HOST = "$(BUNDLE_LOADER)";
				WRAPPER_EXTENSION = xctest;
			};
			name = Debug;
		};
		29BE3B77194A8D3F0049A0AC /* Release */ = {
			isa = XCBuildConfiguration;
			buildSettings = {
				BUNDLE_LOADER = "$(BUILT_PRODUCTS_DIR)/Flappy Flyer.app/Flappy Flyer";
				FRAMEWORK_SEARCH_PATHS = (
					"$(SDKROOT)/Developer/Library/Frameworks",
					"$(inherited)",
					"$(DEVELOPER_FRAMEWORKS_DIR)",
				);
				GCC_PRECOMPILE_PREFIX_HEADER = YES;
				GCC_PREFIX_HEADER = "Flappy Flyer/Flappy Flyer-Prefix.pch";
				INFOPLIST_FILE = "Flappy FlyerTests/Flappy FlyerTests-Info.plist";
				PRODUCT_NAME = "$(TARGET_NAME)";
				TEST_HOST = "$(BUNDLE_LOADER)";
				WRAPPER_EXTENSION = xctest;
			};
			name = Release;
		};
/* End XCBuildConfiguration section */

/* Begin XCConfigurationList section */
		29BE3B34194A8D3F0049A0AC /* Build configuration list for PBXProject "Flappy Flyer" */ = {
			isa = XCConfigurationList;
			buildConfigurations = (
				29BE3B70194A8D3F0049A0AC /* Debug */,
				29BE3B71194A8D3F0049A0AC /* Release */,
			);
			defaultConfigurationIsVisible = 0;
			defaultConfigurationName = Release;
		};
		29BE3B72194A8D3F0049A0AC /* Build configuration list for PBXNativeTarget "Flappy Flyer" */ = {
			isa = XCConfigurationList;
			buildConfigurations = (
				29BE3B73194A8D3F0049A0AC /* Debug */,
				29BE3B74194A8D3F0049A0AC /* Release */,
			);
			defaultConfigurationIsVisible = 0;
			defaultConfigurationName = Release;
		};
		29BE3B75194A8D3F0049A0AC /* Build configuration list for PBXNativeTarget "Flappy FlyerTests" */ = {
			isa = XCConfigurationList;
			buildConfigurations = (
				29BE3B76194A8D3F0049A0AC /* Debug */,
				29BE3B77194A8D3F0049A0AC /* Release */,
			);
			defaultConfigurationIsVisible = 0;
			defaultConfigurationName = Release;
		};
/* End XCConfigurationList section */
	};
	rootObject = 29BE3B31194A8D3F0049A0AC /* Project object */;
}
